// !$*UTF8*$!
{
	archiveVersion = 1;
	classes = {
	};
	objectVersion = 55;
	objects = {

/* Begin PBXBuildFile section */
		5273E3592850CFA700748D26 /* ViewController.swift in Sources */ = {isa = PBXBuildFile; fileRef = 5273E3582850CFA700748D26 /* ViewController.swift */; };
		52A0AE6C284A1EF8000FD9F9 /* SettingLine.swift in Sources */ = {isa = PBXBuildFile; fileRef = 52A0AE6B284A1EF8000FD9F9 /* SettingLine.swift */; };
		52A0AE7B284A3220000FD9F9 /* SettingsCellTableView.swift in Sources */ = {isa = PBXBuildFile; fileRef = 52A0AE7A284A3220000FD9F9 /* SettingsCellTableView.swift */; };
		52A0AE7D284A3B05000FD9F9 /* SettingsSwitchCell.swift in Sources */ = {isa = PBXBuildFile; fileRef = 52A0AE7C284A3B05000FD9F9 /* SettingsSwitchCell.swift */; };
		52A0AE7F284A460A000FD9F9 /* SettingsArrowCell.swift in Sources */ = {isa = PBXBuildFile; fileRef = 52A0AE7E284A460A000FD9F9 /* SettingsArrowCell.swift */; };
		52AB6EC2286F6A090008A7D9 /* Assets.xcassets in Resources */ = {isa = PBXBuildFile; fileRef = 52AB6EC1286F6A090008A7D9 /* Assets.xcassets */; };
		52B47953286E37DD0041B9B7 /* Section.swift in Sources */ = {isa = PBXBuildFile; fileRef = 52B47952286E37DD0041B9B7 /* Section.swift */; };
		52B47955286E3AA20041B9B7 /* SettingslArowWithTitle.swift in Sources */ = {isa = PBXBuildFile; fileRef = 52B47954286E3AA20041B9B7 /* SettingslArowWithTitle.swift */; };
		52B47958286E3BE50041B9B7 /* Extensions.swift in Sources */ = {isa = PBXBuildFile; fileRef = 52B47957286E3BE50041B9B7 /* Extensions.swift */; };
		52F65BA32847F66E00BD94BB /* AppDelegate.swift in Sources */ = {isa = PBXBuildFile; fileRef = 52F65BA22847F66E00BD94BB /* AppDelegate.swift */; };
		52F65BAA2847F66E00BD94BB /* Main.storyboard in Resources */ = {isa = PBXBuildFile; fileRef = 52F65BA82847F66E00BD94BB /* Main.storyboard */; };
		52F65BAF2847F67000BD94BB /* LaunchScreen.storyboard in Resources */ = {isa = PBXBuildFile; fileRef = 52F65BAD2847F67000BD94BB /* LaunchScreen.storyboard */; };
/* End PBXBuildFile section */

/* Begin PBXFileReference section */
		5273E3582850CFA700748D26 /* ViewController.swift */ = {isa = PBXFileReference; lastKnownFileType = sourcecode.swift; path = ViewController.swift; sourceTree = "<group>"; };
		52A0AE6B284A1EF8000FD9F9 /* SettingLine.swift */ = {isa = PBXFileReference; lastKnownFileType = sourcecode.swift; path = SettingLine.swift; sourceTree = "<group>"; };
		52A0AE7A284A3220000FD9F9 /* SettingsCellTableView.swift */ = {isa = PBXFileReference; lastKnownFileType = sourcecode.swift; path = SettingsCellTableView.swift; sourceTree = "<group>"; };
		52A0AE7C284A3B05000FD9F9 /* SettingsSwitchCell.swift */ = {isa = PBXFileReference; lastKnownFileType = sourcecode.swift; path = SettingsSwitchCell.swift; sourceTree = "<group>"; };
		52A0AE7E284A460A000FD9F9 /* SettingsArrowCell.swift */ = {isa = PBXFileReference; lastKnownFileType = sourcecode.swift; path = SettingsArrowCell.swift; sourceTree = "<group>"; };
		52AB6EC1286F6A090008A7D9 /* Assets.xcassets */ = {isa = PBXFileReference; lastKnownFileType = folder.assetcatalog; name = Assets.xcassets; path = ../Assets.xcassets; sourceTree = "<group>"; };
		52B47952286E37DD0041B9B7 /* Section.swift */ = {isa = PBXFileReference; lastKnownFileType = sourcecode.swift; path = Section.swift; sourceTree = "<group>"; };
		52B47954286E3AA20041B9B7 /* SettingslArowWithTitle.swift */ = {isa = PBXFileReference; lastKnownFileType = sourcecode.swift; path = SettingslArowWithTitle.swift; sourceTree = "<group>"; };
		52B47957286E3BE50041B9B7 /* Extensions.swift */ = {isa = PBXFileReference; lastKnownFileType = sourcecode.swift; path = Extensions.swift; sourceTree = "<group>"; };
		52F65B9F2847F66E00BD94BB /* ProjectSettingScreenIphone.app */ = {isa = PBXFileReference; explicitFileType = wrapper.application; includeInIndex = 0; path = ProjectSettingScreenIphone.app; sourceTree = BUILT_PRODUCTS_DIR; };
		52F65BA22847F66E00BD94BB /* AppDelegate.swift */ = {isa = PBXFileReference; lastKnownFileType = sourcecode.swift; path = AppDelegate.swift; sourceTree = "<group>"; };
		52F65BA92847F66E00BD94BB /* Base */ = {isa = PBXFileReference; lastKnownFileType = file.storyboard; name = Base; path = Base.lproj/Main.storyboard; sourceTree = "<group>"; };
		52F65BAE2847F67000BD94BB /* Base */ = {isa = PBXFileReference; lastKnownFileType = file.storyboard; name = Base; path = Base.lproj/LaunchScreen.storyboard; sourceTree = "<group>"; };
		52F65BB02847F67000BD94BB /* Info.plist */ = {isa = PBXFileReference; lastKnownFileType = text.plist.xml; path = Info.plist; sourceTree = "<group>"; };
/* End PBXFileReference section */

/* Begin PBXFrameworksBuildPhase section */
		52F65B9C2847F66E00BD94BB /* Frameworks */ = {
			isa = PBXFrameworksBuildPhase;
			buildActionMask = 2147483647;
			files = (
			);
			runOnlyForDeploymentPostprocessing = 0;
		};
/* End PBXFrameworksBuildPhase section */

/* Begin PBXGroup section */
		52398C9428687D9E0079021D /* Resourses */ = {
			isa = PBXGroup;
			children = (
			);
			name = Resourses;
			path = Assets.xcassets;
			sourceTree = "<group>";
		};
		52398C952868805D0079021D /* Model */ = {
			isa = PBXGroup;
			children = (
				52B47952286E37DD0041B9B7 /* Section.swift */,
				52A0AE6B284A1EF8000FD9F9 /* SettingLine.swift */,
			);
			path = Model;
			sourceTree = "<group>";
		};
		52398C96286880760079021D /* View */ = {
			isa = PBXGroup;
			children = (
				52A0AE7A284A3220000FD9F9 /* SettingsCellTableView.swift */,
				52A0AE7C284A3B05000FD9F9 /* SettingsSwitchCell.swift */,
				52A0AE7E284A460A000FD9F9 /* SettingsArrowCell.swift */,
				52B47954286E3AA20041B9B7 /* SettingslArowWithTitle.swift */,
			);
			path = View;
			sourceTree = "<group>";
		};
		52398C97286880830079021D /* Storyboards */ = {
			isa = PBXGroup;
			children = (
				52F65BA82847F66E00BD94BB /* Main.storyboard */,
				52F65BAD2847F67000BD94BB /* LaunchScreen.storyboard */,
			);
			path = Storyboards;
			sourceTree = "<group>";
		};
		52B47956286E3BB40041B9B7 /* App */ = {
			isa = PBXGroup;
			children = (
				52F65BA22847F66E00BD94BB /* AppDelegate.swift */,
				52B47957286E3BE50041B9B7 /* Extensions.swift */,
			);
			path = App;
			sourceTree = "<group>";
		};
		52B47959286E3D890041B9B7 /* Scenes */ = {
			isa = PBXGroup;
			children = (
				52398C96286880760079021D /* View */,
				52398C952868805D0079021D /* Model */,
			);
			path = Scenes;
			sourceTree = "<group>";
		};
		52F65B962847F66E00BD94BB = {
			isa = PBXGroup;
			children = (
				52F65BA12847F66E00BD94BB /* ProjectSettingScreenIphone */,
				52F65BA02847F66E00BD94BB /* Products */,
			);
			sourceTree = "<group>";
		};
		52F65BA02847F66E00BD94BB /* Products */ = {
			isa = PBXGroup;
			children = (
				52F65B9F2847F66E00BD94BB /* ProjectSettingScreenIphone.app */,
			);
			name = Products;
			sourceTree = "<group>";
		};
		52F65BA12847F66E00BD94BB /* ProjectSettingScreenIphone */ = {
			isa = PBXGroup;
			children = (
				52B47959286E3D890041B9B7 /* Scenes */,
				5273E3582850CFA700748D26 /* ViewController.swift */,
				52B47956286E3BB40041B9B7 /* App */,
				52398C9428687D9E0079021D /* Resourses */,
				52AB6EC1286F6A090008A7D9 /* Assets.xcassets */,
				52398C97286880830079021D /* Storyboards */,
				52F65BB02847F67000BD94BB /* Info.plist */,
			);
			path = ProjectSettingScreenIphone;
			sourceTree = "<group>";
		};
/* End PBXGroup section */

/* Begin PBXNativeTarget section */
		52F65B9E2847F66E00BD94BB /* ProjectSettingScreenIphone */ = {
			isa = PBXNativeTarget;
			buildConfigurationList = 52F65BB32847F67000BD94BB /* Build configuration list for PBXNativeTarget "ProjectSettingScreenIphone" */;
			buildPhases = (
				52F65B9B2847F66E00BD94BB /* Sources */,
				52F65B9C2847F66E00BD94BB /* Frameworks */,
				52F65B9D2847F66E00BD94BB /* Resources */,
			);
			buildRules = (
			);
			dependencies = (
			);
			name = ProjectSettingScreenIphone;
			productName = ProjectSettingScreenIphone;
			productReference = 52F65B9F2847F66E00BD94BB /* ProjectSettingScreenIphone.app */;
			productType = "com.apple.product-type.application";
		};
/* End PBXNativeTarget section */

/* Begin PBXProject section */
		52F65B972847F66E00BD94BB /* Project object */ = {
			isa = PBXProject;
			attributes = {
				BuildIndependentTargetsInParallel = 1;
				LastSwiftUpdateCheck = 1340;
				LastUpgradeCheck = 1340;
				TargetAttributes = {
					52F65B9E2847F66E00BD94BB = {
						CreatedOnToolsVersion = 13.4;
					};
				};
			};
			buildConfigurationList = 52F65B9A2847F66E00BD94BB /* Build configuration list for PBXProject "ProjectSettingScreenIphone" */;
			compatibilityVersion = "Xcode 13.0";
			developmentRegion = en;
			hasScannedForEncodings = 0;
			knownRegions = (
				en,
				Base,
			);
			mainGroup = 52F65B962847F66E00BD94BB;
			productRefGroup = 52F65BA02847F66E00BD94BB /* Products */;
			projectDirPath = "";
			projectRoot = "";
			targets = (
				52F65B9E2847F66E00BD94BB /* ProjectSettingScreenIphone */,
			);
		};
/* End PBXProject section */

/* Begin PBXResourcesBuildPhase section */
		52F65B9D2847F66E00BD94BB /* Resources */ = {
			isa = PBXResourcesBuildPhase;
			buildActionMask = 2147483647;
			files = (
				52F65BAF2847F67000BD94BB /* LaunchScreen.storyboard in Resources */,
				52AB6EC2286F6A090008A7D9 /* Assets.xcassets in Resources */,
				52F65BAA2847F66E00BD94BB /* Main.storyboard in Resources */,
			);
			runOnlyForDeploymentPostprocessing = 0;
		};
/* End PBXResourcesBuildPhase section */

/* Begin PBXSourcesBuildPhase section */
		52F65B9B2847F66E00BD94BB /* Sources */ = {
			isa = PBXSourcesBuildPhase;
			buildActionMask = 2147483647;
			files = (
				52A0AE7B284A3220000FD9F9 /* SettingsCellTableView.swift in Sources */,
				52A0AE7F284A460A000FD9F9 /* SettingsArrowCell.swift in Sources */,
				5273E3592850CFA700748D26 /* ViewController.swift in Sources */,
				52A0AE6C284A1EF8000FD9F9 /* SettingLine.swift in Sources */,
				52B47955286E3AA20041B9B7 /* SettingslArowWithTitle.swift in Sources */,
				52B47953286E37DD0041B9B7 /* Section.swift in Sources */,
				52F65BA32847F66E00BD94BB /* AppDelegate.swift in Sources */,
				52B47958286E3BE50041B9B7 /* Extensions.swift in Sources */,
				52A0AE7D284A3B05000FD9F9 /* SettingsSwitchCell.swift in Sources */,
			);
			runOnlyForDeploymentPostprocessing = 0;
		};
/* End PBXSourcesBuildPhase section */

/* Begin PBXVariantGroup section */
		52F65BA82847F66E00BD94BB /* Main.storyboard */ = {
			isa = PBXVariantGroup;
			children = (
				52F65BA92847F66E00BD94BB /* Base */,
			);
			name = Main.storyboard;
			sourceTree = "<group>";
		};
		52F65BAD2847F67000BD94BB /* LaunchScreen.storyboard */ = {
			isa = PBXVariantGroup;
			children = (
				52F65BAE2847F67000BD94BB /* Base */,
			);
			name = LaunchScreen.storyboard;
			sourceTree = "<group>";
		};
/* End PBXVariantGroup section */

/* Begin XCBuildConfiguration section */
		52F65BB12847F67000BD94BB /* Debug */ = {
			isa = XCBuildConfiguration;
			buildSettings = {
				ALWAYS_SEARCH_USER_PATHS = NO;
				CLANG_ANALYZER_NONNULL = YES;
				CLANG_ANALYZER_NUMBER_OBJECT_CONVERSION = YES_AGGRESSIVE;
				CLANG_CXX_LANGUAGE_STANDARD = "gnu++17";
				CLANG_ENABLE_MODULES = YES;
				CLANG_ENABLE_OBJC_ARC = YES;
				CLANG_ENABLE_OBJC_WEAK = YES;
				CLANG_WARN_BLOCK_CAPTURE_AUTORELEASING = YES;
				CLANG_WARN_BOOL_CONVERSION = YES;
				CLANG_WARN_COMMA = YES;
				CLANG_WARN_CONSTANT_CONVERSION = YES;
				CLANG_WARN_DEPRECATED_OBJC_IMPLEMENTATIONS = YES;
				CLANG_WARN_DIRECT_OBJC_ISA_USAGE = YES_ERROR;
				CLANG_WARN_DOCUMENTATION_COMMENTS = YES;
				CLANG_WARN_EMPTY_BODY = YES;
				CLANG_WARN_ENUM_CONVERSION = YES;
				CLANG_WARN_INFINITE_RECURSION = YES;
				CLANG_WARN_INT_CONVERSION = YES;
				CLANG_WARN_NON_LITERAL_NULL_CONVERSION = YES;
				CLANG_WARN_OBJC_IMPLICIT_RETAIN_SELF = YES;
				CLANG_WARN_OBJC_LITERAL_CONVERSION = YES;
				CLANG_WARN_OBJC_ROOT_CLASS = YES_ERROR;
				CLANG_WARN_QUOTED_INCLUDE_IN_FRAMEWORK_HEADER = YES;
				CLANG_WARN_RANGE_LOOP_ANALYSIS = YES;
				CLANG_WARN_STRICT_PROTOTYPES = YES;
				CLANG_WARN_SUSPICIOUS_MOVE = YES;
				CLANG_WARN_UNGUARDED_AVAILABILITY = YES_AGGRESSIVE;
				CLANG_WARN_UNREACHABLE_CODE = YES;
				CLANG_WARN__DUPLICATE_METHOD_MATCH = YES;
				COPY_PHASE_STRIP = NO;
				DEBUG_INFORMATION_FORMAT = dwarf;
				ENABLE_STRICT_OBJC_MSGSEND = YES;
				ENABLE_TESTABILITY = YES;
				GCC_C_LANGUAGE_STANDARD = gnu11;
				GCC_DYNAMIC_NO_PIC = NO;
				GCC_NO_COMMON_BLOCKS = YES;
				GCC_OPTIMIZATION_LEVEL = 0;
				GCC_PREPROCESSOR_DEFINITIONS = (
					"DEBUG=1",
					"$(inherited)",
				);
				GCC_WARN_64_TO_32_BIT_CONVERSION = YES;
				GCC_WARN_ABOUT_RETURN_TYPE = YES_ERROR;
				GCC_WARN_UNDECLARED_SELECTOR = YES;
				GCC_WARN_UNINITIALIZED_AUTOS = YES_AGGRESSIVE;
				GCC_WARN_UNUSED_FUNCTION = YES;
				GCC_WARN_UNUSED_VARIABLE = YES;
				IPHONEOS_DEPLOYMENT_TARGET = 15.5;
				MTL_ENABLE_DEBUG_INFO = INCLUDE_SOURCE;
				MTL_FAST_MATH = YES;
				ONLY_ACTIVE_ARCH = YES;
				SDKROOT = iphoneos;
				SWIFT_ACTIVE_COMPILATION_CONDITIONS = DEBUG;
				SWIFT_OPTIMIZATION_LEVEL = "-Onone";
			};
			name = Debug;
		};
		52F65BB22847F67000BD94BB /* Release */ = {
			isa = XCBuildConfiguration;
			buildSettings = {
				ALWAYS_SEARCH_USER_PATHS = NO;
				CLANG_ANALYZER_NONNULL = YES;
				CLANG_ANALYZER_NUMBER_OBJECT_CONVERSION = YES_AGGRESSIVE;
				CLANG_CXX_LANGUAGE_STANDARD = "gnu++17";
				CLANG_ENABLE_MODULES = YES;
				CLANG_ENABLE_OBJC_ARC = YES;
				CLANG_ENABLE_OBJC_WEAK = YES;
				CLANG_WARN_BLOCK_CAPTURE_AUTORELEASING = YES;
				CLANG_WARN_BOOL_CONVERSION = YES;
				CLANG_WARN_COMMA = YES;
				CLANG_WARN_CONSTANT_CONVERSION = YES;
				CLANG_WARN_DEPRECATED_OBJC_IMPLEMENTATIONS = YES;
				CLANG_WARN_DIRECT_OBJC_ISA_USAGE = YES_ERROR;
				CLANG_WARN_DOCUMENTATION_COMMENTS = YES;
				CLANG_WARN_EMPTY_BODY = YES;
				CLANG_WARN_ENUM_CONVERSION = YES;
				CLANG_WARN_INFINITE_RECURSION = YES;
				CLANG_WARN_INT_CONVERSION = YES;
				CLANG_WARN_NON_LITERAL_NULL_CONVERSION = YES;
				CLANG_WARN_OBJC_IMPLICIT_RETAIN_SELF = YES;
				CLANG_WARN_OBJC_LITERAL_CONVERSION = YES;
				CLANG_WARN_OBJC_ROOT_CLASS = YES_ERROR;
				CLANG_WARN_QUOTED_INCLUDE_IN_FRAMEWORK_HEADER = YES;
				CLANG_WARN_RANGE_LOOP_ANALYSIS = YES;
				CLANG_WARN_STRICT_PROTOTYPES = YES;
				CLANG_WARN_SUSPICIOUS_MOVE = YES;
				CLANG_WARN_UNGUARDED_AVAILABILITY = YES_AGGRESSIVE;
				CLANG_WARN_UNREACHABLE_CODE = YES;
				CLANG_WARN__DUPLICATE_METHOD_MATCH = YES;
				COPY_PHASE_STRIP = NO;
				DEBUG_INFORMATION_FORMAT = "dwarf-with-dsym";
				ENABLE_NS_ASSERTIONS = NO;
				ENABLE_STRICT_OBJC_MSGSEND = YES;
				GCC_C_LANGUAGE_STANDARD = gnu11;
				GCC_NO_COMMON_BLOCKS = YES;
				GCC_WARN_64_TO_32_BIT_CONVERSION = YES;
				GCC_WARN_ABOUT_RETURN_TYPE = YES_ERROR;
				GCC_WARN_UNDECLARED_SELECTOR = YES;
				GCC_WARN_UNINITIALIZED_AUTOS = YES_AGGRESSIVE;
				GCC_WARN_UNUSED_FUNCTION = YES;
				GCC_WARN_UNUSED_VARIABLE = YES;
				IPHONEOS_DEPLOYMENT_TARGET = 15.5;
				MTL_ENABLE_DEBUG_INFO = NO;
				MTL_FAST_MATH = YES;
				SDKROOT = iphoneos;
				SWIFT_COMPILATION_MODE = wholemodule;
				SWIFT_OPTIMIZATION_LEVEL = "-O";
				VALIDATE_PRODUCT = YES;
			};
			name = Release;
		};
		52F65BB42847F67000BD94BB /* Debug */ = {
			isa = XCBuildConfiguration;
			buildSettings = {
				ASSETCATALOG_COMPILER_APPICON_NAME = AppIcon;
				ASSETCATALOG_COMPILER_GLOBAL_ACCENT_COLOR_NAME = AccentColor;
				CODE_SIGN_STYLE = Automatic;
				CURRENT_PROJECT_VERSION = 1;
				DEVELOPMENT_TEAM = 9M4H6WGP6D;
				GENERATE_INFOPLIST_FILE = YES;
				INFOPLIST_FILE = ProjectSettingScreenIphone/Info.plist;
				INFOPLIST_KEY_UIApplicationSupportsIndirectInputEvents = YES;
				INFOPLIST_KEY_UILaunchStoryboardName = LaunchScreen;
				INFOPLIST_KEY_UIMainStoryboardFile = Main;
				INFOPLIST_KEY_UISupportedInterfaceOrientations_iPad = "UIInterfaceOrientationPortrait UIInterfaceOrientationPortraitUpsideDown UIInterfaceOrientationLandscapeLeft UIInterfaceOrientationLandscapeRight";
				INFOPLIST_KEY_UISupportedInterfaceOrientations_iPhone = "UIInterfaceOrientationPortrait UIInterfaceOrientationLandscapeLeft UIInterfaceOrientationLandscapeRight";
				LD_RUNPATH_SEARCH_PATHS = (
					"$(inherited)",
					"@executable_path/Frameworks",
				);
				MARKETING_VERSION = 1.0;
				PRODUCT_BUNDLE_IDENTIFIER = "ios-6.ProjectSettingScreenIphone";
				PRODUCT_NAME = "$(TARGET_NAME)";
				SWIFT_EMIT_LOC_STRINGS = YES;
				SWIFT_VERSION = 5.0;
				TARGETED_DEVICE_FAMILY = "1,2";
			};
			name = Debug;
		};
		52F65BB52847F67000BD94BB /* Release */ = {
			isa = XCBuildConfiguration;
			buildSettings = {
				ASSETCATALOG_COMPILER_APPICON_NAME = AppIcon;
				ASSETCATALOG_COMPILER_GLOBAL_ACCENT_COLOR_NAME = AccentColor;
				CODE_SIGN_STYLE = Automatic;
				CURRENT_PROJECT_VERSION = 1;
				DEVELOPMENT_TEAM = 9M4H6WGP6D;
				GENERATE_INFOPLIST_FILE = YES;
				INFOPLIST_FILE = ProjectSettingScreenIphone/Info.plist;
				INFOPLIST_KEY_UIApplicationSupportsIndirectInputEvents = YES;
				INFOPLIST_KEY_UILaunchStoryboardName = LaunchScreen;
				INFOPLIST_KEY_UIMainStoryboardFile = Main;
				INFOPLIST_KEY_UISupportedInterfaceOrientations_iPad = "UIInterfaceOrientationPortrait UIInterfaceOrientationPortraitUpsideDown UIInterfaceOrientationLandscapeLeft UIInterfaceOrientationLandscapeRight";
				INFOPLIST_KEY_UISupportedInterfaceOrientations_iPhone = "UIInterfaceOrientationPortrait UIInterfaceOrientationLandscapeLeft UIInterfaceOrientationLandscapeRight";
				LD_RUNPATH_SEARCH_PATHS = (
					"$(inherited)",
					"@executable_path/Frameworks",
				);
				MARKETING_VERSION = 1.0;
				PRODUCT_BUNDLE_IDENTIFIER = "ios-6.ProjectSettingScreenIphone";
				PRODUCT_NAME = "$(TARGET_NAME)";
				SWIFT_EMIT_LOC_STRINGS = YES;
				SWIFT_VERSION = 5.0;
				TARGETED_DEVICE_FAMILY = "1,2";
			};
			name = Release;
		};
/* End XCBuildConfiguration section */

/* Begin XCConfigurationList section */
		52F65B9A2847F66E00BD94BB /* Build configuration list for PBXProject "ProjectSettingScreenIphone" */ = {
			isa = XCConfigurationList;
			buildConfigurations = (
				52F65BB12847F67000BD94BB /* Debug */,
				52F65BB22847F67000BD94BB /* Release */,
			);
			defaultConfigurationIsVisible = 0;
			defaultConfigurationName = Release;
		};
		52F65BB32847F67000BD94BB /* Build configuration list for PBXNativeTarget "ProjectSettingScreenIphone" */ = {
			isa = XCConfigurationList;
			buildConfigurations = (
				52F65BB42847F67000BD94BB /* Debug */,
				52F65BB52847F67000BD94BB /* Release */,
			);
			defaultConfigurationIsVisible = 0;
			defaultConfigurationName = Release;
		};
/* End XCConfigurationList section */
	};
	rootObject = 52F65B972847F66E00BD94BB /* Project object */;
}
